
Microsoft Visual Studio Solution File, Format Version 12.00
# Visual Studio 15
VisualStudioVersion = 15.0.28010.2046
MinimumVisualStudioVersion = 10.0.40219.1
Project("{FAE04EC0-301F-11D3-BF4B-00C04F79EFBC}") = "LeetCodeSolutionLib", "LeetCode\LeetCodeSolutionLib.csproj", "{114E7964-F7AD-4598-A37F-EA13D4806E0F}"
EndProject
Project("{FAE04EC0-301F-11D3-BF4B-00C04F79EFBC}") = "LeetCodeConsoleApp", "LeetCodeConsoleApp\LeetCodeConsoleApp.csproj", "{4FDD3D0C-690A-464F-8A55-9798299473D0}"
EndProject
Global
	GlobalSection(SolutionConfigurationPlatforms) = preSolution
		Debug|Any CPU = Debug|Any CPU
		Release|Any CPU = Release|Any CPU
	EndGlobalSection
	GlobalSection(ProjectConfigurationPlatforms) = postSolution
		{114E7964-F7AD-4598-A37F-EA13D4806E0F}.Debug|Any CPU.ActiveCfg = Debug|Any CPU
		{114E7964-F7AD-4598-A37F-EA13D4806E0F}.Debug|Any CPU.Build.0 = Debug|Any CPU
		{114E7964-F7AD-4598-A37F-EA13D4806E0F}.Release|Any CPU.ActiveCfg = Release|Any CPU
		{114E7964-F7AD-4598-A37F-EA13D4806E0F}.Release|Any CPU.Build.0 = Release|Any CPU
		{4FDD3D0C-690A-464F-8A55-9798299473D0}.Debug|Any CPU.ActiveCfg = Debug|Any CPU
		{4FDD3D0C-690A-464F-8A55-9798299473D0}.Debug|Any CPU.Build.0 = Debug|Any CPU
		{4FDD3D0C-690A-464F-8A55-9798299473D0}.Release|Any CPU.ActiveCfg = Release|Any CPU
		{4FDD3D0C-690A-464F-8A55-9798299473D0}.Release|Any CPU.Build.0 = Release|Any CPU
	EndGlobalSection
	GlobalSection(SolutionProperties) = preSolution
		HideSolutionNode = FALSE
	EndGlobalSection
	GlobalSection(ExtensibilityGlobals) = postSolution
		SolutionGuid = {F02914F1-0976-4FF6-A38D-615D9ED883D7}
	EndGlobalSection
EndGlobal
